
Microsoft Visual Studio Solution File, Format Version 12.00
# Visual Studio 15
VisualStudioVersion = 15.0.28010.2041
MinimumVisualStudioVersion = 10.0.40219.1
Project("{FAE04EC0-301F-11D3-BF4B-00C04F79EFBC}") = "CSharp_Nullable", "CSharp_Nullable.csproj", "{9AB59B33-8989-483C-B643-DDAD319D095D}"
EndProject
Global
	GlobalSection(SolutionConfigurationPlatforms) = preSolution
		Debug|Any CPU = Debug|Any CPU
		Release|Any CPU = Release|Any CPU
	EndGlobalSection
	GlobalSection(ProjectConfigurationPlatforms) = postSolution
		{9AB59B33-8989-483C-B643-DDAD319D095D}.Debug|Any CPU.ActiveCfg = Debug|Any CPU
		{9AB59B33-8989-483C-B643-DDAD319D095D}.Debug|Any CPU.Build.0 = Debug|Any CPU
		{9AB59B33-8989-483C-B643-DDAD319D095D}.Release|Any CPU.ActiveCfg = Release|Any CPU
		{9AB59B33-8989-483C-B643-DDAD319D095D}.Release|Any CPU.Build.0 = Release|Any CPU
	EndGlobalSection
	GlobalSection(SolutionProperties) = preSolution
		HideSolutionNode = FALSE
	EndGlobalSection
	GlobalSection(ExtensibilityGlobals) = postSolution
		SolutionGuid = {59E77D7D-9497-4D5A-B505-3D78AA62578C}
	EndGlobalSection
EndGlobal
